
Microsoft Visual Studio Solution File, Format Version 12.00
# Visual Studio Version 17
VisualStudioVersion = 17.0.31815.197
MinimumVisualStudioVersion = 10.0.40219.1
Project("{FAE04EC0-301F-11D3-BF4B-00C04F79EFBC}") = "wnformUI", "wnformUI\wnformUI.csproj", "{370AEF24-F981-4FD7-BF28-EF4F64375362}"
EndProject
Project("{00D1A9C2-B5F0-4AF3-8072-F6C62B433612}") = "myDatbasePrj", "myDatbasePrj\myDatbasePrj.sqlproj", "{205E1369-1D0B-4D22-A402-93FD3E3D174E}"
EndProject
Project("{FAE04EC0-301F-11D3-BF4B-00C04F79EFBC}") = "Cpanel", "Cpanel\Cpanel.csproj", "{F665DF31-BB51-41AF-A666-6B4CF001F7A4}"
EndProject
Global
	GlobalSection(SolutionConfigurationPlatforms) = preSolution
		Debug|Any CPU = Debug|Any CPU
		Release|Any CPU = Release|Any CPU
	EndGlobalSection
	GlobalSection(ProjectConfigurationPlatforms) = postSolution
		{370AEF24-F981-4FD7-BF28-EF4F64375362}.Debug|Any CPU.ActiveCfg = Debug|Any CPU
		{370AEF24-F981-4FD7-BF28-EF4F64375362}.Debug|Any CPU.Build.0 = Debug|Any CPU
		{370AEF24-F981-4FD7-BF28-EF4F64375362}.Release|Any CPU.ActiveCfg = Release|Any CPU
		{370AEF24-F981-4FD7-BF28-EF4F64375362}.Release|Any CPU.Build.0 = Release|Any CPU
		{205E1369-1D0B-4D22-A402-93FD3E3D174E}.Debug|Any CPU.ActiveCfg = Debug|Any CPU
		{205E1369-1D0B-4D22-A402-93FD3E3D174E}.Debug|Any CPU.Build.0 = Debug|Any CPU
		{205E1369-1D0B-4D22-A402-93FD3E3D174E}.Debug|Any CPU.Deploy.0 = Debug|Any CPU
		{205E1369-1D0B-4D22-A402-93FD3E3D174E}.Release|Any CPU.ActiveCfg = Release|Any CPU
		{205E1369-1D0B-4D22-A402-93FD3E3D174E}.Release|Any CPU.Build.0 = Release|Any CPU
		{205E1369-1D0B-4D22-A402-93FD3E3D174E}.Release|Any CPU.Deploy.0 = Release|Any CPU
		{F665DF31-BB51-41AF-A666-6B4CF001F7A4}.Debug|Any CPU.ActiveCfg = Debug|Any CPU
		{F665DF31-BB51-41AF-A666-6B4CF001F7A4}.Debug|Any CPU.Build.0 = Debug|Any CPU
		{F665DF31-BB51-41AF-A666-6B4CF001F7A4}.Release|Any CPU.ActiveCfg = Release|Any CPU
		{F665DF31-BB51-41AF-A666-6B4CF001F7A4}.Release|Any CPU.Build.0 = Release|Any CPU
	EndGlobalSection
	GlobalSection(SolutionProperties) = preSolution
		HideSolutionNode = FALSE
	EndGlobalSection
	GlobalSection(ExtensibilityGlobals) = postSolution
		SolutionGuid = {360C7761-0AC4-47E4-BE3C-62839C25A027}
	EndGlobalSection
EndGlobal
